// !$*UTF8*$!
{
	archiveVersion = 1;
	classes = {
	};
	objectVersion = 46;
	objects = {

/* Begin PBXBuildFile section */
		1E3732FB1CD602510060C90D /* Cherries.swift in Sources */ = {isa = PBXBuildFile; fileRef = 1E3732F81CD602510060C90D /* Cherries.swift */; };
		1E3732FC1CD602510060C90D /* File.swift in Sources */ = {isa = PBXBuildFile; fileRef = 1E3732F91CD602510060C90D /* File.swift */; };
		1E3732FD1CD602510060C90D /* NetworkManager.swift in Sources */ = {isa = PBXBuildFile; fileRef = 1E3732FA1CD602510060C90D /* NetworkManager.swift */; };
		1ED4D5711CD5977500ED9D13 /* AppDelegate.swift in Sources */ = {isa = PBXBuildFile; fileRef = 1ED4D5701CD5977500ED9D13 /* AppDelegate.swift */; };
		1ED4D5731CD5977500ED9D13 /* ViewController.swift in Sources */ = {isa = PBXBuildFile; fileRef = 1ED4D5721CD5977500ED9D13 /* ViewController.swift */; };
		1ED4D5761CD5977500ED9D13 /* Main.storyboard in Resources */ = {isa = PBXBuildFile; fileRef = 1ED4D5741CD5977500ED9D13 /* Main.storyboard */; };
		1ED4D5781CD5977500ED9D13 /* Assets.xcassets in Resources */ = {isa = PBXBuildFile; fileRef = 1ED4D5771CD5977500ED9D13 /* Assets.xcassets */; };
		1ED4D57B1CD5977500ED9D13 /* LaunchScreen.storyboard in Resources */ = {isa = PBXBuildFile; fileRef = 1ED4D5791CD5977500ED9D13 /* LaunchScreen.storyboard */; };
/* End PBXBuildFile section */

/* Begin PBXFileReference section */
		1E3732F81CD602510060C90D /* Cherries.swift */ = {isa = PBXFileReference; fileEncoding = 4; lastKnownFileType = sourcecode.swift; path = Cherries.swift; sourceTree = "<group>"; };
		1E3732F91CD602510060C90D /* File.swift */ = {isa = PBXFileReference; fileEncoding = 4; lastKnownFileType = sourcecode.swift; path = File.swift; sourceTree = "<group>"; };
		1E3732FA1CD602510060C90D /* NetworkManager.swift */ = {isa = PBXFileReference; fileEncoding = 4; lastKnownFileType = sourcecode.swift; path = NetworkManager.swift; sourceTree = "<group>"; };
		1ED4D56D1CD5977500ED9D13 /* Cherries.app */ = {isa = PBXFileReference; explicitFileType = wrapper.application; includeInIndex = 0; path = Cherries.app; sourceTree = BUILT_PRODUCTS_DIR; };
		1ED4D5701CD5977500ED9D13 /* AppDelegate.swift */ = {isa = PBXFileReference; lastKnownFileType = sourcecode.swift; path = AppDelegate.swift; sourceTree = "<group>"; };
		1ED4D5721CD5977500ED9D13 /* ViewController.swift */ = {isa = PBXFileReference; lastKnownFileType = sourcecode.swift; path = ViewController.swift; sourceTree = "<group>"; };
		1ED4D5751CD5977500ED9D13 /* Base */ = {isa = PBXFileReference; lastKnownFileType = file.storyboard; name = Base; path = Base.lproj/Main.storyboard; sourceTree = "<group>"; };
		1ED4D5771CD5977500ED9D13 /* Assets.xcassets */ = {isa = PBXFileReference; lastKnownFileType = folder.assetcatalog; path = Assets.xcassets; sourceTree = "<group>"; };
		1ED4D57A1CD5977500ED9D13 /* Base */ = {isa = PBXFileReference; lastKnownFileType = file.storyboard; name = Base; path = Base.lproj/LaunchScreen.storyboard; sourceTree = "<group>"; };
		1ED4D57C1CD5977500ED9D13 /* Info.plist */ = {isa = PBXFileReference; lastKnownFileType = text.plist.xml; path = Info.plist; sourceTree = "<group>"; };
/* End PBXFileReference section */

/* Begin PBXFrameworksBuildPhase section */
		1ED4D56A1CD5977500ED9D13 /* Frameworks */ = {
			isa = PBXFrameworksBuildPhase;
			buildActionMask = 2147483647;
			files = (
			);
			runOnlyForDeploymentPostprocessing = 0;
		};
/* End PBXFrameworksBuildPhase section */

/* Begin PBXGroup section */
		1E3732F71CD602510060C90D /* Cherries */ = {
			isa = PBXGroup;
			children = (
				1E3732F81CD602510060C90D /* Cherries.swift */,
				1E3732F91CD602510060C90D /* File.swift */,
				1E3732FA1CD602510060C90D /* NetworkManager.swift */,
			);
			path = Cherries;
			sourceTree = "<group>";
		};
		1ED4D5641CD5977500ED9D13 = {
			isa = PBXGroup;
			children = (
				1ED4D56F1CD5977500ED9D13 /* Cherries */,
				1ED4D56E1CD5977500ED9D13 /* Products */,
			);
			sourceTree = "<group>";
		};
		1ED4D56E1CD5977500ED9D13 /* Products */ = {
			isa = PBXGroup;
			children = (
				1ED4D56D1CD5977500ED9D13 /* Cherries.app */,
			);
			name = Products;
			sourceTree = "<group>";
		};
		1ED4D56F1CD5977500ED9D13 /* Cherries */ = {
			isa = PBXGroup;
			children = (
				1ED4D5701CD5977500ED9D13 /* AppDelegate.swift */,
				1ED4D5721CD5977500ED9D13 /* ViewController.swift */,
				1E3732F71CD602510060C90D /* Cherries */,
				1ED4D5741CD5977500ED9D13 /* Main.storyboard */,
				1ED4D5771CD5977500ED9D13 /* Assets.xcassets */,
				1ED4D5791CD5977500ED9D13 /* LaunchScreen.storyboard */,
				1ED4D57C1CD5977500ED9D13 /* Info.plist */,
			);
			path = Cherries;
			sourceTree = "<group>";
		};
/* End PBXGroup section */

/* Begin PBXNativeTarget section */
		1ED4D56C1CD5977500ED9D13 /* Cherries */ = {
			isa = PBXNativeTarget;
			buildConfigurationList = 1ED4D57F1CD5977500ED9D13 /* Build configuration list for PBXNativeTarget "Cherries" */;
			buildPhases = (
				1ED4D5691CD5977500ED9D13 /* Sources */,
				1ED4D56A1CD5977500ED9D13 /* Frameworks */,
				1ED4D56B1CD5977500ED9D13 /* Resources */,
			);
			buildRules = (
			);
			dependencies = (
			);
			name = Cherries;
			productName = Cherries;
			productReference = 1ED4D56D1CD5977500ED9D13 /* Cherries.app */;
			productType = "com.apple.product-type.application";
		};
/* End PBXNativeTarget section */

/* Begin PBXProject section */
		1ED4D5651CD5977500ED9D13 /* Project object */ = {
			isa = PBXProject;
			attributes = {
				LastSwiftUpdateCheck = 0730;
				LastUpgradeCheck = 0730;
				ORGANIZATIONNAME = HanLiu;
				TargetAttributes = {
					1ED4D56C1CD5977500ED9D13 = {
						CreatedOnToolsVersion = 7.3;
					};
				};
			};
			buildConfigurationList = 1ED4D5681CD5977500ED9D13 /* Build configuration list for PBXProject "Cherries" */;
			compatibilityVersion = "Xcode 3.2";
			developmentRegion = English;
			hasScannedForEncodings = 0;
			knownRegions = (
				en,
				Base,
			);
			mainGroup = 1ED4D5641CD5977500ED9D13;
			productRefGroup = 1ED4D56E1CD5977500ED9D13 /* Products */;
			projectDirPath = "";
			projectRoot = "";
			targets = (
				1ED4D56C1CD5977500ED9D13 /* Cherries */,
			);
		};
/* End PBXProject section */

/* Begin PBXResourcesBuildPhase section */
		1ED4D56B1CD5977500ED9D13 /* Resources */ = {
			isa = PBXResourcesBuildPhase;
			buildActionMask = 2147483647;
			files = (
				1ED4D57B1CD5977500ED9D13 /* LaunchScreen.storyboard in Resources */,
				1ED4D5781CD5977500ED9D13 /* Assets.xcassets in Resources */,
				1ED4D5761CD5977500ED9D13 /* Main.storyboard in Resources */,
			);
			runOnlyForDeploymentPostprocessing = 0;
		};
/* End PBXResourcesBuildPhase section */

/* Begin PBXSourcesBuildPhase section */
		1ED4D5691CD5977500ED9D13 /* Sources */ = {
			isa = PBXSourcesBuildPhase;
			buildActionMask = 2147483647;
			files = (
				1E3732FB1CD602510060C90D /* Cherries.swift in Sources */,
				1E3732FC1CD602510060C90D /* File.swift in Sources */,
				1E3732FD1CD602510060C90D /* NetworkManager.swift in Sources */,
				1ED4D5731CD5977500ED9D13 /* ViewController.swift in Sources */,
				1ED4D5711CD5977500ED9D13 /* AppDelegate.swift in Sources */,
			);
			runOnlyForDeploymentPostprocessing = 0;
		};
/* End PBXSourcesBuildPhase section */

/* Begin PBXVariantGroup section */
		1ED4D5741CD5977500ED9D13 /* Main.storyboard */ = {
			isa = PBXVariantGroup;
			children = (
				1ED4D5751CD5977500ED9D13 /* Base */,
			);
			name = Main.storyboard;
			sourceTree = "<group>";
		};
		1ED4D5791CD5977500ED9D13 /* LaunchScreen.storyboard */ = {
			isa = PBXVariantGroup;
			children = (
				1ED4D57A1CD5977500ED9D13 /* Base */,
			);
			name = LaunchScreen.storyboard;
			sourceTree = "<group>";
		};
/* End PBXVariantGroup section */

/* Begin XCBuildConfiguration section */
		1ED4D57D1CD5977500ED9D13 /* Debug */ = {
			isa = XCBuildConfiguration;
			buildSettings = {
				ALWAYS_SEARCH_USER_PATHS = NO;
				CLANG_ANALYZER_NONNULL = YES;
				CLANG_CXX_LANGUAGE_STANDARD = "gnu++0x";
				CLANG_CXX_LIBRARY = "libc++";
				CLANG_ENABLE_MODULES = YES;
				CLANG_ENABLE_OBJC_ARC = YES;
				CLANG_WARN_BOOL_CONVERSION = YES;
				CLANG_WARN_CONSTANT_CONVERSION = YES;
				CLANG_WARN_DIRECT_OBJC_ISA_USAGE = YES_ERROR;
				CLANG_WARN_EMPTY_BODY = YES;
				CLANG_WARN_ENUM_CONVERSION = YES;
				CLANG_WARN_INT_CONVERSION = YES;
				CLANG_WARN_OBJC_ROOT_CLASS = YES_ERROR;
				CLANG_WARN_UNREACHABLE_CODE = YES;
				CLANG_WARN__DUPLICATE_METHOD_MATCH = YES;
				"CODE_SIGN_IDENTITY[sdk=iphoneos*]" = "iPhone Developer";
				COPY_PHASE_STRIP = NO;
				DEBUG_INFORMATION_FORMAT = dwarf;
				ENABLE_STRICT_OBJC_MSGSEND = YES;
				ENABLE_TESTABILITY = YES;
				GCC_C_LANGUAGE_STANDARD = gnu99;
				GCC_DYNAMIC_NO_PIC = NO;
				GCC_NO_COMMON_BLOCKS = YES;
				GCC_OPTIMIZATION_LEVEL = 0;
				GCC_PREPROCESSOR_DEFINITIONS = (
					"DEBUG=1",
					"$(inherited)",
				);
				GCC_WARN_64_TO_32_BIT_CONVERSION = YES;
				GCC_WARN_ABOUT_RETURN_TYPE = YES_ERROR;
				GCC_WARN_UNDECLARED_SELECTOR = YES;
				GCC_WARN_UNINITIALIZED_AUTOS = YES_AGGRESSIVE;
				GCC_WARN_UNUSED_FUNCTION = YES;
				GCC_WARN_UNUSED_VARIABLE = YES;
				IPHONEOS_DEPLOYMENT_TARGET = 9.3;
				MTL_ENABLE_DEBUG_INFO = YES;
				ONLY_ACTIVE_ARCH = YES;
				SDKROOT = iphoneos;
				SWIFT_OPTIMIZATION_LEVEL = "-Onone";
				TARGETED_DEVICE_FAMILY = "1,2";
			};
			name = Debug;
		};
		1ED4D57E1CD5977500ED9D13 /* Release */ = {
			isa = XCBuildConfiguration;
			buildSettings = {
				ALWAYS_SEARCH_USER_PATHS = NO;
				CLANG_ANALYZER_NONNULL = YES;
				CLANG_CXX_LANGUAGE_STANDARD = "gnu++0x";
				CLANG_CXX_LIBRARY = "libc++";
				CLANG_ENABLE_MODULES = YES;
				CLANG_ENABLE_OBJC_ARC = YES;
				CLANG_WARN_BOOL_CONVERSION = YES;
				CLANG_WARN_CONSTANT_CONVERSION = YES;
				CLANG_WARN_DIRECT_OBJC_ISA_USAGE = YES_ERROR;
				CLANG_WARN_EMPTY_BODY = YES;
				CLANG_WARN_ENUM_CONVERSION = YES;
				CLANG_WARN_INT_CONVERSION = YES;
				CLANG_WARN_OBJC_ROOT_CLASS = YES_ERROR;
				CLANG_WARN_UNREACHABLE_CODE = YES;
				CLANG_WARN__DUPLICATE_METHOD_MATCH = YES;
				"CODE_SIGN_IDENTITY[sdk=iphoneos*]" = "iPhone Developer";
				COPY_PHASE_STRIP = NO;
				DEBUG_INFORMATION_FORMAT = "dwarf-with-dsym";
				ENABLE_NS_ASSERTIONS = NO;
				ENABLE_STRICT_OBJC_MSGSEND = YES;
				GCC_C_LANGUAGE_STANDARD = gnu99;
				GCC_NO_COMMON_BLOCKS = YES;
				GCC_WARN_64_TO_32_BIT_CONVERSION = YES;
				GCC_WARN_ABOUT_RETURN_TYPE = YES_ERROR;
				GCC_WARN_UNDECLARED_SELECTOR = YES;
				GCC_WARN_UNINITIALIZED_AUTOS = YES_AGGRESSIVE;
				GCC_WARN_UNUSED_FUNCTION = YES;
				GCC_WARN_UNUSED_VARIABLE = YES;
				IPHONEOS_DEPLOYMENT_TARGET = 9.3;
				MTL_ENABLE_DEBUG_INFO = NO;
				SDKROOT = iphoneos;
				TARGETED_DEVICE_FAMILY = "1,2";
				VALIDATE_PRODUCT = YES;
			};
			name = Release;
		};
		1ED4D5801CD5977500ED9D13 /* Debug */ = {
			isa = XCBuildConfiguration;
			buildSettings = {
				ASSETCATALOG_COMPILER_APPICON_NAME = AppIcon;
				INFOPLIST_FILE = Cherries/Info.plist;
				LD_RUNPATH_SEARCH_PATHS = "$(inherited) @executable_path/Frameworks";
				PRODUCT_BUNDLE_IDENTIFIER = com.starFox.Cherries;
				PRODUCT_NAME = "$(TARGET_NAME)";
			};
			name = Debug;
		};
		1ED4D5811CD5977500ED9D13 /* Release */ = {
			isa = XCBuildConfiguration;
			buildSettings = {
				ASSETCATALOG_COMPILER_APPICON_NAME = AppIcon;
				INFOPLIST_FILE = Cherries/Info.plist;
				LD_RUNPATH_SEARCH_PATHS = "$(inherited) @executable_path/Frameworks";
				PRODUCT_BUNDLE_IDENTIFIER = com.starFox.Cherries;
				PRODUCT_NAME = "$(TARGET_NAME)";
			};
			name = Release;
		};
/* End XCBuildConfiguration section */

/* Begin XCConfigurationList section */
		1ED4D5681CD5977500ED9D13 /* Build configuration list for PBXProject "Cherries" */ = {
			isa = XCConfigurationList;
			buildConfigurations = (
				1ED4D57D1CD5977500ED9D13 /* Debug */,
				1ED4D57E1CD5977500ED9D13 /* Release */,
			);
			defaultConfigurationIsVisible = 0;
			defaultConfigurationName = Release;
		};
		1ED4D57F1CD5977500ED9D13 /* Build configuration list for PBXNativeTarget "Cherries" */ = {
			isa = XCConfigurationList;
			buildConfigurations = (
				1ED4D5801CD5977500ED9D13 /* Debug */,
				1ED4D5811CD5977500ED9D13 /* Release */,
			);
			defaultConfigurationIsVisible = 0;
			defaultConfigurationName = Release;
		};
/* End XCConfigurationList section */
	};
	rootObject = 1ED4D5651CD5977500ED9D13 /* Project object */;
}
